// !$*UTF8*$!
{
	archiveVersion = 1;
	classes = {
	};
	objectVersion = 77;
	objects = {

/* Begin PBXBuildFile section */
		4F6199D62E37988F00CBBB20 /* FirebaseAuth in Frameworks */ = {isa = PBXBuildFile; productRef = 4F6199D52E37988F00CBBB20 /* FirebaseAuth */; };
		4F6199D82E37988F00CBBB20 /* FirebaseCore in Frameworks */ = {isa = PBXBuildFile; productRef = 4F6199D72E37988F00CBBB20 /* FirebaseCore */; };
		4F6199DA2E37988F00CBBB20 /* FirebaseFirestore in Frameworks */ = {isa = PBXBuildFile; productRef = 4F6199D92E37988F00CBBB20 /* FirebaseFirestore */; };
		4F64E7F62E37C242001E59A8 /* FirebaseFirestore in Frameworks */ = {isa = PBXBuildFile; productRef = 4F64E7F52E37C242001E59A8 /* FirebaseFirestore */; };
		4F8454312E37C65A00E9F436 /* FirebaseFirestore in Frameworks */ = {isa = PBXBuildFile; productRef = 4F8454302E37C65A00E9F436 /* FirebaseFirestore */; };
		4F8454332E37C65A00E9F436 /* FirebaseFirestoreCombine-Community in Frameworks */ = {isa = PBXBuildFile; productRef = 4F8454322E37C65A00E9F436 /* FirebaseFirestoreCombine-Community */; };
		4F8454352E37C88600E9F436 /* FirebaseAuth in Frameworks */ = {isa = PBXBuildFile; productRef = 4F8454342E37C88600E9F436 /* FirebaseAuth */; };
		4F8454372E37C8DC00E9F436 /* FirebaseCore in Frameworks */ = {isa = PBXBuildFile; productRef = 4F8454362E37C8DC00E9F436 /* FirebaseCore */; };
/* End PBXBuildFile section */

/* Begin PBXContainerItemProxy section */
		4F6199B22E377DAC00CBBB20 /* PBXContainerItemProxy */ = {
			isa = PBXContainerItemProxy;
			containerPortal = 4F6199972E377DAB00CBBB20 /* Project object */;
			proxyType = 1;
			remoteGlobalIDString = 4F61999E2E377DAB00CBBB20;
			remoteInfo = MoodJournal;
		};
		4F6199BC2E377DAC00CBBB20 /* PBXContainerItemProxy */ = {
			isa = PBXContainerItemProxy;
			containerPortal = 4F6199972E377DAB00CBBB20 /* Project object */;
			proxyType = 1;
			remoteGlobalIDString = 4F61999E2E377DAB00CBBB20;
			remoteInfo = MoodJournal;
		};
/* End PBXContainerItemProxy section */

/* Begin PBXFileReference section */
		4F61999F2E377DAB00CBBB20 /* MoodJournal.app */ = {isa = PBXFileReference; explicitFileType = wrapper.application; includeInIndex = 0; path = MoodJournal.app; sourceTree = BUILT_PRODUCTS_DIR; };
		4F6199B12E377DAC00CBBB20 /* MoodJournalTests.xctest */ = {isa = PBXFileReference; explicitFileType = wrapper.cfbundle; includeInIndex = 0; path = MoodJournalTests.xctest; sourceTree = BUILT_PRODUCTS_DIR; };
		4F6199BB2E377DAC00CBBB20 /* MoodJournalUITests.xctest */ = {isa = PBXFileReference; explicitFileType = wrapper.cfbundle; includeInIndex = 0; path = MoodJournalUITests.xctest; sourceTree = BUILT_PRODUCTS_DIR; };
/* End PBXFileReference section */

/* Begin PBXFileSystemSynchronizedBuildFileExceptionSet section */
		4F6199D22E37844D00CBBB20 /* Exceptions for "MoodJournal" folder in "MoodJournalTests" target */ = {
			isa = PBXFileSystemSynchronizedBuildFileExceptionSet;
			membershipExceptions = (
				"GoogleService-Info.plist",
			);
			target = 4F6199B02E377DAC00CBBB20 /* MoodJournalTests */;
		};
		4F6199D32E37844D00CBBB20 /* Exceptions for "MoodJournal" folder in "MoodJournalUITests" target */ = {
			isa = PBXFileSystemSynchronizedBuildFileExceptionSet;
			membershipExceptions = (
				"GoogleService-Info.plist",
			);
			target = 4F6199BA2E377DAC00CBBB20 /* MoodJournalUITests */;
		};
/* End PBXFileSystemSynchronizedBuildFileExceptionSet section */

/* Begin PBXFileSystemSynchronizedRootGroup section */
		4F6199A12E377DAB00CBBB20 /* MoodJournal */ = {
			isa = PBXFileSystemSynchronizedRootGroup;
			exceptions = (
				4F6199D22E37844D00CBBB20 /* Exceptions for "MoodJournal" folder in "MoodJournalTests" target */,
				4F6199D32E37844D00CBBB20 /* Exceptions for "MoodJournal" folder in "MoodJournalUITests" target */,
			);
			path = MoodJournal;
			sourceTree = "<group>";
		};
		4F6199B42E377DAC00CBBB20 /* MoodJournalTests */ = {
			isa = PBXFileSystemSynchronizedRootGroup;
			path = MoodJournalTests;
			sourceTree = "<group>";
		};
		4F6199BE2E377DAC00CBBB20 /* MoodJournalUITests */ = {
			isa = PBXFileSystemSynchronizedRootGroup;
			path = MoodJournalUITests;
			sourceTree = "<group>";
		};
/* End PBXFileSystemSynchronizedRootGroup section */

/* Begin PBXFrameworksBuildPhase section */
		4F61999C2E377DAB00CBBB20 /* Frameworks */ = {
			isa = PBXFrameworksBuildPhase;
			buildActionMask = 2147483647;
			files = (
				4F6199D82E37988F00CBBB20 /* FirebaseCore in Frameworks */,
				4F64E7F62E37C242001E59A8 /* FirebaseFirestore in Frameworks */,
				4F6199D62E37988F00CBBB20 /* FirebaseAuth in Frameworks */,
				4F8454332E37C65A00E9F436 /* FirebaseFirestoreCombine-Community in Frameworks */,
				4F8454312E37C65A00E9F436 /* FirebaseFirestore in Frameworks */,
				4F8454352E37C88600E9F436 /* FirebaseAuth in Frameworks */,
				4F8454372E37C8DC00E9F436 /* FirebaseCore in Frameworks */,
				4F6199DA2E37988F00CBBB20 /* FirebaseFirestore in Frameworks */,
			);
			runOnlyForDeploymentPostprocessing = 0;
		};
		4F6199AE2E377DAC00CBBB20 /* Frameworks */ = {
			isa = PBXFrameworksBuildPhase;
			buildActionMask = 2147483647;
			files = (
			);
			runOnlyForDeploymentPostprocessing = 0;
		};
		4F6199B82E377DAC00CBBB20 /* Frameworks */ = {
			isa = PBXFrameworksBuildPhase;
			buildActionMask = 2147483647;
			files = (
			);
			runOnlyForDeploymentPostprocessing = 0;
		};
/* End PBXFrameworksBuildPhase section */

/* Begin PBXGroup section */
		4F6199962E377DAB00CBBB20 = {
			isa = PBXGroup;
			children = (
				4F6199A12E377DAB00CBBB20 /* MoodJournal */,
				4F6199B42E377DAC00CBBB20 /* MoodJournalTests */,
				4F6199BE2E377DAC00CBBB20 /* MoodJournalUITests */,
				4F6199A02E377DAB00CBBB20 /* Products */,
			);
			sourceTree = "<group>";
		};
		4F6199A02E377DAB00CBBB20 /* Products */ = {
			isa = PBXGroup;
			children = (
				4F61999F2E377DAB00CBBB20 /* MoodJournal.app */,
				4F6199B12E377DAC00CBBB20 /* MoodJournalTests.xctest */,
				4F6199BB2E377DAC00CBBB20 /* MoodJournalUITests.xctest */,
			);
			name = Products;
			sourceTree = "<group>";
		};
/* End PBXGroup section */

/* Begin PBXNativeTarget section */
		4F61999E2E377DAB00CBBB20 /* MoodJournal */ = {
			isa = PBXNativeTarget;
			buildConfigurationList = 4F6199C52E377DAC00CBBB20 /* Build configuration list for PBXNativeTarget "MoodJournal" */;
			buildPhases = (
				4F61999B2E377DAB00CBBB20 /* Sources */,
				4F61999C2E377DAB00CBBB20 /* Frameworks */,
				4F61999D2E377DAB00CBBB20 /* Resources */,
			);
			buildRules = (
			);
			dependencies = (
			);
			fileSystemSynchronizedGroups = (
				4F6199A12E377DAB00CBBB20 /* MoodJournal */,
			);
			name = MoodJournal;
			packageProductDependencies = (
				4F6199D52E37988F00CBBB20 /* FirebaseAuth */,
				4F6199D72E37988F00CBBB20 /* FirebaseCore */,
				4F6199D92E37988F00CBBB20 /* FirebaseFirestore */,
				4F64E7F52E37C242001E59A8 /* FirebaseFirestore */,
				4F8454302E37C65A00E9F436 /* FirebaseFirestore */,
				4F8454322E37C65A00E9F436 /* FirebaseFirestoreCombine-Community */,
				4F8454342E37C88600E9F436 /* FirebaseAuth */,
				4F8454362E37C8DC00E9F436 /* FirebaseCore */,
			);
			productName = MoodJournal;
			productReference = 4F61999F2E377DAB00CBBB20 /* MoodJournal.app */;
			productType = "com.apple.product-type.application";
		};
		4F6199B02E377DAC00CBBB20 /* MoodJournalTests */ = {
			isa = PBXNativeTarget;
			buildConfigurationList = 4F6199C82E377DAC00CBBB20 /* Build configuration list for PBXNativeTarget "MoodJournalTests" */;
			buildPhases = (
				4F6199AD2E377DAC00CBBB20 /* Sources */,
				4F6199AE2E377DAC00CBBB20 /* Frameworks */,
				4F6199AF2E377DAC00CBBB20 /* Resources */,
			);
			buildRules = (
			);
			dependencies = (
				4F6199B32E377DAC00CBBB20 /* PBXTargetDependency */,
			);
			fileSystemSynchronizedGroups = (
				4F6199B42E377DAC00CBBB20 /* MoodJournalTests */,
			);
			name = MoodJournalTests;
			packageProductDependencies = (
			);
			productName = MoodJournalTests;
			productReference = 4F6199B12E377DAC00CBBB20 /* MoodJournalTests.xctest */;
			productType = "com.apple.product-type.bundle.unit-test";
		};
		4F6199BA2E377DAC00CBBB20 /* MoodJournalUITests */ = {
			isa = PBXNativeTarget;
			buildConfigurationList = 4F6199CB2E377DAC00CBBB20 /* Build configuration list for PBXNativeTarget "MoodJournalUITests" */;
			buildPhases = (
				4F6199B72E377DAC00CBBB20 /* Sources */,
				4F6199B82E377DAC00CBBB20 /* Frameworks */,
				4F6199B92E377DAC00CBBB20 /* Resources */,
			);
			buildRules = (
			);
			dependencies = (
				4F6199BD2E377DAC00CBBB20 /* PBXTargetDependency */,
			);
			fileSystemSynchronizedGroups = (
				4F6199BE2E377DAC00CBBB20 /* MoodJournalUITests */,
			);
			name = MoodJournalUITests;
			packageProductDependencies = (
			);
			productName = MoodJournalUITests;
			productReference = 4F6199BB2E377DAC00CBBB20 /* MoodJournalUITests.xctest */;
			productType = "com.apple.product-type.bundle.ui-testing";
		};
/* End PBXNativeTarget section */

/* Begin PBXProject section */
		4F6199972E377DAB00CBBB20 /* Project object */ = {
			isa = PBXProject;
			attributes = {
				BuildIndependentTargetsInParallel = 1;
				LastSwiftUpdateCheck = 1620;
				LastUpgradeCheck = 1620;
				TargetAttributes = {
					4F61999E2E377DAB00CBBB20 = {
						CreatedOnToolsVersion = 16.2;
					};
					4F6199B02E377DAC00CBBB20 = {
						CreatedOnToolsVersion = 16.2;
						TestTargetID = 4F61999E2E377DAB00CBBB20;
					};
					4F6199BA2E377DAC00CBBB20 = {
						CreatedOnToolsVersion = 16.2;
						TestTargetID = 4F61999E2E377DAB00CBBB20;
					};
				};
			};
			buildConfigurationList = 4F61999A2E377DAB00CBBB20 /* Build configuration list for PBXProject "MoodJournal" */;
			developmentRegion = en;
			hasScannedForEncodings = 0;
			knownRegions = (
				en,
				Base,
			);
			mainGroup = 4F6199962E377DAB00CBBB20;
			minimizedProjectReferenceProxies = 1;
			packageReferences = (
				4F6199D42E3794BF00CBBB20 /* XCRemoteSwiftPackageReference "firebase-ios-sdk" */,
			);
			preferredProjectObjectVersion = 77;
			productRefGroup = 4F6199A02E377DAB00CBBB20 /* Products */;
			projectDirPath = "";
			projectRoot = "";
			targets = (
				4F61999E2E377DAB00CBBB20 /* MoodJournal */,
				4F6199B02E377DAC00CBBB20 /* MoodJournalTests */,
				4F6199BA2E377DAC00CBBB20 /* MoodJournalUITests */,
			);
		};
/* End PBXProject section */

/* Begin PBXResourcesBuildPhase section */
		4F61999D2E377DAB00CBBB20 /* Resources */ = {
			isa = PBXResourcesBuildPhase;
			buildActionMask = 2147483647;
			files = (
			);
			runOnlyForDeploymentPostprocessing = 0;
		};
		4F6199AF2E377DAC00CBBB20 /* Resources */ = {
			isa = PBXResourcesBuildPhase;
			buildActionMask = 2147483647;
			files = (
			);
			runOnlyForDeploymentPostprocessing = 0;
		};
		4F6199B92E377DAC00CBBB20 /* Resources */ = {
			isa = PBXResourcesBuildPhase;
			buildActionMask = 2147483647;
			files = (
			);
			runOnlyForDeploymentPostprocessing = 0;
		};
/* End PBXResourcesBuildPhase section */

/* Begin PBXSourcesBuildPhase section */
		4F61999B2E377DAB00CBBB20 /* Sources */ = {
			isa = PBXSourcesBuildPhase;
			buildActionMask = 2147483647;
			files = (
			);
			runOnlyForDeploymentPostprocessing = 0;
		};
		4F6199AD2E377DAC00CBBB20 /* Sources */ = {
			isa = PBXSourcesBuildPhase;
			buildActionMask = 2147483647;
			files = (
			);
			runOnlyForDeploymentPostprocessing = 0;
		};
		4F6199B72E377DAC00CBBB20 /* Sources */ = {
			isa = PBXSourcesBuildPhase;
			buildActionMask = 2147483647;
			files = (
			);
			runOnlyForDeploymentPostprocessing = 0;
		};
/* End PBXSourcesBuildPhase section */

/* Begin PBXTargetDependency section */
		4F6199B32E377DAC00CBBB20 /* PBXTargetDependency */ = {
			isa = PBXTargetDependency;
			target = 4F61999E2E377DAB00CBBB20 /* MoodJournal */;
			targetProxy = 4F6199B22E377DAC00CBBB20 /* PBXContainerItemProxy */;
		};
		4F6199BD2E377DAC00CBBB20 /* PBXTargetDependency */ = {
			isa = PBXTargetDependency;
			target = 4F61999E2E377DAB00CBBB20 /* MoodJournal */;
			targetProxy = 4F6199BC2E377DAC00CBBB20 /* PBXContainerItemProxy */;
		};
/* End PBXTargetDependency section */

/* Begin XCBuildConfiguration section */
		4F6199C32E377DAC00CBBB20 /* Debug */ = {
			isa = XCBuildConfiguration;
			buildSettings = {
				ALWAYS_SEARCH_USER_PATHS = NO;
				ASSETCATALOG_COMPILER_GENERATE_SWIFT_ASSET_SYMBOL_EXTENSIONS = YES;
				CLANG_ANALYZER_NONNULL = YES;
				CLANG_ANALYZER_NUMBER_OBJECT_CONVERSION = YES_AGGRESSIVE;
				CLANG_CXX_LANGUAGE_STANDARD = "gnu++20";
				CLANG_ENABLE_MODULES = YES;
				CLANG_ENABLE_OBJC_ARC = YES;
				CLANG_ENABLE_OBJC_WEAK = YES;
				CLANG_WARN_BLOCK_CAPTURE_AUTORELEASING = YES;
				CLANG_WARN_BOOL_CONVERSION = YES;
				CLANG_WARN_COMMA = YES;
				CLANG_WARN_CONSTANT_CONVERSION = YES;
				CLANG_WARN_DEPRECATED_OBJC_IMPLEMENTATIONS = YES;
				CLANG_WARN_DIRECT_OBJC_ISA_USAGE = YES_ERROR;
				CLANG_WARN_DOCUMENTATION_COMMENTS = YES;
				CLANG_WARN_EMPTY_BODY = YES;
				CLANG_WARN_ENUM_CONVERSION = YES;
				CLANG_WARN_INFINITE_RECURSION = YES;
				CLANG_WARN_INT_CONVERSION = YES;
				CLANG_WARN_NON_LITERAL_NULL_CONVERSION = YES;
				CLANG_WARN_OBJC_IMPLICIT_RETAIN_SELF = YES;
				CLANG_WARN_OBJC_LITERAL_CONVERSION = YES;
				CLANG_WARN_OBJC_ROOT_CLASS = YES_ERROR;
				CLANG_WARN_QUOTED_INCLUDE_IN_FRAMEWORK_HEADER = YES;
				CLANG_WARN_RANGE_LOOP_ANALYSIS = YES;
				CLANG_WARN_STRICT_PROTOTYPES = YES;
				CLANG_WARN_SUSPICIOUS_MOVE = YES;
				CLANG_WARN_UNGUARDED_AVAILABILITY = YES_AGGRESSIVE;
				CLANG_WARN_UNREACHABLE_CODE = YES;
				CLANG_WARN__DUPLICATE_METHOD_MATCH = YES;
				COPY_PHASE_STRIP = NO;
				DEBUG_INFORMATION_FORMAT = dwarf;
				ENABLE_STRICT_OBJC_MSGSEND = YES;
				ENABLE_TESTABILITY = YES;
				ENABLE_USER_SCRIPT_SANDBOXING = YES;
				GCC_C_LANGUAGE_STANDARD = gnu17;
				GCC_DYNAMIC_NO_PIC = NO;
				GCC_NO_COMMON_BLOCKS = YES;
				GCC_OPTIMIZATION_LEVEL = 0;
				GCC_PREPROCESSOR_DEFINITIONS = (
					"DEBUG=1",
					"$(inherited)",
				);
				GCC_WARN_64_TO_32_BIT_CONVERSION = YES;
				GCC_WARN_ABOUT_RETURN_TYPE = YES_ERROR;
				GCC_WARN_UNDECLARED_SELECTOR = YES;
				GCC_WARN_UNINITIALIZED_AUTOS = YES_AGGRESSIVE;
				GCC_WARN_UNUSED_FUNCTION = YES;
				GCC_WARN_UNUSED_VARIABLE = YES;
				IPHONEOS_DEPLOYMENT_TARGET = 18.2;
				LOCALIZATION_PREFERS_STRING_CATALOGS = YES;
				MTL_ENABLE_DEBUG_INFO = INCLUDE_SOURCE;
				MTL_FAST_MATH = YES;
				ONLY_ACTIVE_ARCH = YES;
				SDKROOT = iphoneos;
				SWIFT_ACTIVE_COMPILATION_CONDITIONS = "DEBUG $(inherited)";
				SWIFT_OPTIMIZATION_LEVEL = "-Onone";
			};
			name = Debug;
		};
		4F6199C42E377DAC00CBBB20 /* Release */ = {
			isa = XCBuildConfiguration;
			buildSettings = {
				ALWAYS_SEARCH_USER_PATHS = NO;
				ASSETCATALOG_COMPILER_GENERATE_SWIFT_ASSET_SYMBOL_EXTENSIONS = YES;
				CLANG_ANALYZER_NONNULL = YES;
				CLANG_ANALYZER_NUMBER_OBJECT_CONVERSION = YES_AGGRESSIVE;
				CLANG_CXX_LANGUAGE_STANDARD = "gnu++20";
				CLANG_ENABLE_MODULES = YES;
				CLANG_ENABLE_OBJC_ARC = YES;
				CLANG_ENABLE_OBJC_WEAK = YES;
				CLANG_WARN_BLOCK_CAPTURE_AUTORELEASING = YES;
				CLANG_WARN_BOOL_CONVERSION = YES;
				CLANG_WARN_COMMA = YES;
				CLANG_WARN_CONSTANT_CONVERSION = YES;
				CLANG_WARN_DEPRECATED_OBJC_IMPLEMENTATIONS = YES;
				CLANG_WARN_DIRECT_OBJC_ISA_USAGE = YES_ERROR;
				CLANG_WARN_DOCUMENTATION_COMMENTS = YES;
				CLANG_WARN_EMPTY_BODY = YES;
				CLANG_WARN_ENUM_CONVERSION = YES;
				CLANG_WARN_INFINITE_RECURSION = YES;
				CLANG_WARN_INT_CONVERSION = YES;
				CLANG_WARN_NON_LITERAL_NULL_CONVERSION = YES;
				CLANG_WARN_OBJC_IMPLICIT_RETAIN_SELF = YES;
				CLANG_WARN_OBJC_LITERAL_CONVERSION = YES;
				CLANG_WARN_OBJC_ROOT_CLASS = YES_ERROR;
				CLANG_WARN_QUOTED_INCLUDE_IN_FRAMEWORK_HEADER = YES;
				CLANG_WARN_RANGE_LOOP_ANALYSIS = YES;
				CLANG_WARN_STRICT_PROTOTYPES = YES;
				CLANG_WARN_SUSPICIOUS_MOVE = YES;
				CLANG_WARN_UNGUARDED_AVAILABILITY = YES_AGGRESSIVE;
				CLANG_WARN_UNREACHABLE_CODE = YES;
				CLANG_WARN__DUPLICATE_METHOD_MATCH = YES;
				COPY_PHASE_STRIP = NO;
				DEBUG_INFORMATION_FORMAT = "dwarf-with-dsym";
				ENABLE_NS_ASSERTIONS = NO;
				ENABLE_STRICT_OBJC_MSGSEND = YES;
				ENABLE_USER_SCRIPT_SANDBOXING = YES;
				GCC_C_LANGUAGE_STANDARD = gnu17;
				GCC_NO_COMMON_BLOCKS = YES;
				GCC_WARN_64_TO_32_BIT_CONVERSION = YES;
				GCC_WARN_ABOUT_RETURN_TYPE = YES_ERROR;
				GCC_WARN_UNDECLARED_SELECTOR = YES;
				GCC_WARN_UNINITIALIZED_AUTOS = YES_AGGRESSIVE;
				GCC_WARN_UNUSED_FUNCTION = YES;
				GCC_WARN_UNUSED_VARIABLE = YES;
				IPHONEOS_DEPLOYMENT_TARGET = 18.2;
				LOCALIZATION_PREFERS_STRING_CATALOGS = YES;
				MTL_ENABLE_DEBUG_INFO = NO;
				MTL_FAST_MATH = YES;
				SDKROOT = iphoneos;
				SWIFT_COMPILATION_MODE = wholemodule;
				VALIDATE_PRODUCT = YES;
			};
			name = Release;
		};
		4F6199C62E377DAC00CBBB20 /* Debug */ = {
			isa = XCBuildConfiguration;
			buildSettings = {
				ASSETCATALOG_COMPILER_APPICON_NAME = AppIcon;
				ASSETCATALOG_COMPILER_GLOBAL_ACCENT_COLOR_NAME = AccentColor;
				CODE_SIGN_STYLE = Automatic;
				CURRENT_PROJECT_VERSION = 1;
				DEVELOPMENT_ASSET_PATHS = "\"MoodJournal/Preview Content\"";
				DEVELOPMENT_TEAM = SKRRG7PSVC;
				ENABLE_PREVIEWS = YES;
				GENERATE_INFOPLIST_FILE = YES;
				INFOPLIST_KEY_UIApplicationSceneManifest_Generation = YES;
				INFOPLIST_KEY_UIApplicationSupportsIndirectInputEvents = YES;
				INFOPLIST_KEY_UILaunchScreen_Generation = YES;
				INFOPLIST_KEY_UISupportedInterfaceOrientations_iPad = "UIInterfaceOrientationPortrait UIInterfaceOrientationPortraitUpsideDown UIInterfaceOrientationLandscapeLeft UIInterfaceOrientationLandscapeRight";
				INFOPLIST_KEY_UISupportedInterfaceOrientations_iPhone = "UIInterfaceOrientationPortrait UIInterfaceOrientationLandscapeLeft UIInterfaceOrientationLandscapeRight";
				LD_RUNPATH_SEARCH_PATHS = (
					"$(inherited)",
					"@executable_path/Frameworks",
				);
				MARKETING_VERSION = 1.0;
				PRODUCT_BUNDLE_IDENTIFIER = dilbersah.MoodJournal;
				PRODUCT_NAME = "$(TARGET_NAME)";
				SWIFT_EMIT_LOC_STRINGS = YES;
				SWIFT_VERSION = 5.0;
				TARGETED_DEVICE_FAMILY = "1,2";
			};
			name = Debug;
		};
		4F6199C72E377DAC00CBBB20 /* Release */ = {
			isa = XCBuildConfiguration;
			buildSettings = {
				ASSETCATALOG_COMPILER_APPICON_NAME = AppIcon;
				ASSETCATALOG_COMPILER_GLOBAL_ACCENT_COLOR_NAME = AccentColor;
				CODE_SIGN_STYLE = Automatic;
				CURRENT_PROJECT_VERSION = 1;
				DEVELOPMENT_ASSET_PATHS = "\"MoodJournal/Preview Content\"";
				DEVELOPMENT_TEAM = SKRRG7PSVC;
				ENABLE_PREVIEWS = YES;
				GENERATE_INFOPLIST_FILE = YES;
				INFOPLIST_KEY_UIApplicationSceneManifest_Generation = YES;
				INFOPLIST_KEY_UIApplicationSupportsIndirectInputEvents = YES;
				INFOPLIST_KEY_UILaunchScreen_Generation = YES;
				INFOPLIST_KEY_UISupportedInterfaceOrientations_iPad = "UIInterfaceOrientationPortrait UIInterfaceOrientationPortraitUpsideDown UIInterfaceOrientationLandscapeLeft UIInterfaceOrientationLandscapeRight";
				INFOPLIST_KEY_UISupportedInterfaceOrientations_iPhone = "UIInterfaceOrientationPortrait UIInterfaceOrientationLandscapeLeft UIInterfaceOrientationLandscapeRight";
				LD_RUNPATH_SEARCH_PATHS = (
					"$(inherited)",
					"@executable_path/Frameworks",
				);
				MARKETING_VERSION = 1.0;
				PRODUCT_BUNDLE_IDENTIFIER = dilbersah.MoodJournal;
				PRODUCT_NAME = "$(TARGET_NAME)";
				SWIFT_EMIT_LOC_STRINGS = YES;
				SWIFT_VERSION = 5.0;
				TARGETED_DEVICE_FAMILY = "1,2";
			};
			name = Release;
		};
		4F6199C92E377DAC00CBBB20 /* Debug */ = {
			isa = XCBuildConfiguration;
			buildSettings = {
				BUNDLE_LOADER = "$(TEST_HOST)";
				CODE_SIGN_STYLE = Automatic;
				CURRENT_PROJECT_VERSION = 1;
				DEVELOPMENT_TEAM = SKRRG7PSVC;
				GENERATE_INFOPLIST_FILE = YES;
				IPHONEOS_DEPLOYMENT_TARGET = 18.2;
				MARKETING_VERSION = 1.0;
				PRODUCT_BUNDLE_IDENTIFIER = dilbersah.MoodJournalTests;
				PRODUCT_NAME = "$(TARGET_NAME)";
				SWIFT_EMIT_LOC_STRINGS = NO;
				SWIFT_VERSION = 5.0;
				TARGETED_DEVICE_FAMILY = "1,2";
				TEST_HOST = "$(BUILT_PRODUCTS_DIR)/MoodJournal.app/$(BUNDLE_EXECUTABLE_FOLDER_PATH)/MoodJournal";
			};
			name = Debug;
		};
		4F6199CA2E377DAC00CBBB20 /* Release */ = {
			isa = XCBuildConfiguration;
			buildSettings = {
				BUNDLE_LOADER = "$(TEST_HOST)";
				CODE_SIGN_STYLE = Automatic;
				CURRENT_PROJECT_VERSION = 1;
				DEVELOPMENT_TEAM = SKRRG7PSVC;
				GENERATE_INFOPLIST_FILE = YES;
				IPHONEOS_DEPLOYMENT_TARGET = 18.2;
				MARKETING_VERSION = 1.0;
				PRODUCT_BUNDLE_IDENTIFIER = dilbersah.MoodJournalTests;
				PRODUCT_NAME = "$(TARGET_NAME)";
				SWIFT_EMIT_LOC_STRINGS = NO;
				SWIFT_VERSION = 5.0;
				TARGETED_DEVICE_FAMILY = "1,2";
				TEST_HOST = "$(BUILT_PRODUCTS_DIR)/MoodJournal.app/$(BUNDLE_EXECUTABLE_FOLDER_PATH)/MoodJournal";
			};
			name = Release;
		};
		4F6199CC2E377DAC00CBBB20 /* Debug */ = {
			isa = XCBuildConfiguration;
			buildSettings = {
				CODE_SIGN_STYLE = Automatic;
				CURRENT_PROJECT_VERSION = 1;
				DEVELOPMENT_TEAM = SKRRG7PSVC;
				GENERATE_INFOPLIST_FILE = YES;
				MARKETING_VERSION = 1.0;
				PRODUCT_BUNDLE_IDENTIFIER = dilbersah.MoodJournalUITests;
				PRODUCT_NAME = "$(TARGET_NAME)";
				SWIFT_EMIT_LOC_STRINGS = NO;
				SWIFT_VERSION = 5.0;
				TARGETED_DEVICE_FAMILY = "1,2";
				TEST_TARGET_NAME = MoodJournal;
			};
			name = Debug;
		};
		4F6199CD2E377DAC00CBBB20 /* Release */ = {
			isa = XCBuildConfiguration;
			buildSettings = {
				CODE_SIGN_STYLE = Automatic;
				CURRENT_PROJECT_VERSION = 1;
				DEVELOPMENT_TEAM = SKRRG7PSVC;
				GENERATE_INFOPLIST_FILE = YES;
				MARKETING_VERSION = 1.0;
				PRODUCT_BUNDLE_IDENTIFIER = dilbersah.MoodJournalUITests;
				PRODUCT_NAME = "$(TARGET_NAME)";
				SWIFT_EMIT_LOC_STRINGS = NO;
				SWIFT_VERSION = 5.0;
				TARGETED_DEVICE_FAMILY = "1,2";
				TEST_TARGET_NAME = MoodJournal;
			};
			name = Release;
		};
/* End XCBuildConfiguration section */

/* Begin XCConfigurationList section */
		4F61999A2E377DAB00CBBB20 /* Build configuration list for PBXProject "MoodJournal" */ = {
			isa = XCConfigurationList;
			buildConfigurations = (
				4F6199C32E377DAC00CBBB20 /* Debug */,
				4F6199C42E377DAC00CBBB20 /* Release */,
			);
			defaultConfigurationIsVisible = 0;
			defaultConfigurationName = Release;
		};
		4F6199C52E377DAC00CBBB20 /* Build configuration list for PBXNativeTarget "MoodJournal" */ = {
			isa = XCConfigurationList;
			buildConfigurations = (
				4F6199C62E377DAC00CBBB20 /* Debug */,
				4F6199C72E377DAC00CBBB20 /* Release */,
			);
			defaultConfigurationIsVisible = 0;
			defaultConfigurationName = Release;
		};
		4F6199C82E377DAC00CBBB20 /* Build configuration list for PBXNativeTarget "MoodJournalTests" */ = {
			isa = XCConfigurationList;
			buildConfigurations = (
				4F6199C92E377DAC00CBBB20 /* Debug */,
				4F6199CA2E377DAC00CBBB20 /* Release */,
			);
			defaultConfigurationIsVisible = 0;
			defaultConfigurationName = Release;
		};
		4F6199CB2E377DAC00CBBB20 /* Build configuration list for PBXNativeTarget "MoodJournalUITests" */ = {
			isa = XCConfigurationList;
			buildConfigurations = (
				4F6199CC2E377DAC00CBBB20 /* Debug */,
				4F6199CD2E377DAC00CBBB20 /* Release */,
			);
			defaultConfigurationIsVisible = 0;
			defaultConfigurationName = Release;
		};
/* End XCConfigurationList section */

/* Begin XCRemoteSwiftPackageReference section */
		4F6199D42E3794BF00CBBB20 /* XCRemoteSwiftPackageReference "firebase-ios-sdk" */ = {
			isa = XCRemoteSwiftPackageReference;
			repositoryURL = "https://github.com/firebase/firebase-ios-sdk";
			requirement = {
				kind = upToNextMajorVersion;
				minimumVersion = 12.0.0;
			};
		};
/* End XCRemoteSwiftPackageReference section */

/* Begin XCSwiftPackageProductDependency section */
		4F6199D52E37988F00CBBB20 /* FirebaseAuth */ = {
			isa = XCSwiftPackageProductDependency;
			productName = FirebaseAuth;
		};
		4F6199D72E37988F00CBBB20 /* FirebaseCore */ = {
			isa = XCSwiftPackageProductDependency;
			productName = FirebaseCore;
		};
		4F6199D92E37988F00CBBB20 /* FirebaseFirestore */ = {
			isa = XCSwiftPackageProductDependency;
			productName = FirebaseFirestore;
		};
		4F64E7F52E37C242001E59A8 /* FirebaseFirestore */ = {
			isa = XCSwiftPackageProductDependency;
			productName = FirebaseFirestore;
		};
		4F8454302E37C65A00E9F436 /* FirebaseFirestore */ = {
			isa = XCSwiftPackageProductDependency;
			package = 4F6199D42E3794BF00CBBB20 /* XCRemoteSwiftPackageReference "firebase-ios-sdk" */;
			productName = FirebaseFirestore;
		};
		4F8454322E37C65A00E9F436 /* FirebaseFirestoreCombine-Community */ = {
			isa = XCSwiftPackageProductDependency;
			package = 4F6199D42E3794BF00CBBB20 /* XCRemoteSwiftPackageReference "firebase-ios-sdk" */;
			productName = "FirebaseFirestoreCombine-Community";
		};
		4F8454342E37C88600E9F436 /* FirebaseAuth */ = {
			isa = XCSwiftPackageProductDependency;
			package = 4F6199D42E3794BF00CBBB20 /* XCRemoteSwiftPackageReference "firebase-ios-sdk" */;
			productName = FirebaseAuth;
		};
		4F8454362E37C8DC00E9F436 /* FirebaseCore */ = {
			isa = XCSwiftPackageProductDependency;
			package = 4F6199D42E3794BF00CBBB20 /* XCRemoteSwiftPackageReference "firebase-ios-sdk" */;
			productName = FirebaseCore;
		};
/* End XCSwiftPackageProductDependency section */
	};
	rootObject = 4F6199972E377DAB00CBBB20 /* Project object */;
}
